{
  "originHash" : "5d6552785dc0939d206e1bfc77e70cb0091e19ea54e7cfea3c50360f1e88e16f",
  "pins" : [
    {
      "identity" : "phraselatticekit",
      "kind" : "remoteSourceControl",
      "location" : "https://github.com/Muilyzz/PhraseLatticeKit.git",
      "state" : {
        "revision" : "04c1145340859dcd4d7b31720ef8a863527b2742",
        "version" : "2.0.0"
      }
    }
  ],
  "version" : 3
}
