{
  "originHash" : "ad773d618cbe4ffe8d54f505c560e208def663822d0c5f20cb56dae5f30e88d0",
  "pins" : [
    {
      "identity" : "phraselatticekit",
      "kind" : "remoteSourceControl",
      "location" : "https://github.com/Muilyzz/PhraseLatticeKit.git",
      "state" : {
        "revision" : "616f3b57db00de16c509d4d06f12b4115c64dc01",
        "version" : "2.8.1"
      }
    }
  ],
  "version" : 3
}
