{
  "originHash" : "cd7f61deba896a3d71ed9fe68cbf14d98047cc884d9f90369b69eb0c0af54c0e",
  "pins" : [
    {
      "identity" : "phraselatticekit",
      "kind" : "remoteSourceControl",
      "location" : "https://github.com/Muilyzz/PhraseLatticeKit.git",
      "state" : {
        "revision" : "aaffff336c764a5fc5464d4dd2ebe8d86adb910f",
        "version" : "2.8.2"
      }
    }
  ],
  "version" : 3
}
