{
  "originHash" : "596f4b12cc53e58374025862d182a49dfb31a9c42102c049a00945668a88a29d",
  "pins" : [
    {
      "identity" : "phraselatticekit",
      "kind" : "remoteSourceControl",
      "location" : "https://github.com/Muilyzz/PhraseLatticeKit.git",
      "state" : {
        "revision" : "e3f86529d25f38368b01df6d406d47825d1b8006",
        "version" : "2.8.3"
      }
    }
  ],
  "version" : 3
}
